
Microsoft Visual Studio Solution File, Format Version 12.00
# Visual Studio Version 17
VisualStudioVersion = 17.7.34221.43
MinimumVisualStudioVersion = 10.0.40219.1
Project("{FAE04EC0-301F-11D3-BF4B-00C04F79EFBC}") = "Variable_Exercise1", "Variable_Exercise1\Variable_Exercise1.csproj", "{5B0FD63D-6606-4BC3-8932-C4954454EEEF}"
EndProject
Global
	GlobalSection(SolutionConfigurationPlatforms) = preSolution
		Debug|Any CPU = Debug|Any CPU
		Release|Any CPU = Release|Any CPU
	EndGlobalSection
	GlobalSection(ProjectConfigurationPlatforms) = postSolution
		{5B0FD63D-6606-4BC3-8932-C4954454EEEF}.Debug|Any CPU.ActiveCfg = Debug|Any CPU
		{5B0FD63D-6606-4BC3-8932-C4954454EEEF}.Debug|Any CPU.Build.0 = Debug|Any CPU
		{5B0FD63D-6606-4BC3-8932-C4954454EEEF}.Release|Any CPU.ActiveCfg = Release|Any CPU
		{5B0FD63D-6606-4BC3-8932-C4954454EEEF}.Release|Any CPU.Build.0 = Release|Any CPU
	EndGlobalSection
	GlobalSection(SolutionProperties) = preSolution
		HideSolutionNode = FALSE
	EndGlobalSection
	GlobalSection(ExtensibilityGlobals) = postSolution
		SolutionGuid = {63CC8906-0AEB-4ACC-834F-30406690DEAF}
	EndGlobalSection
EndGlobal
